
Microsoft Visual Studio Solution File, Format Version 12.00
# Visual Studio Version 17
VisualStudioVersion = 17.5.002.0
MinimumVisualStudioVersion = 10.0.40219.1
Project("{9A19103F-16F7-4668-BE54-9A1E7A4F7556}") = "DIKUArenaTests", "DIKUArenaTests\DIKUArenaTests.csproj", "{0323B58B-70B5-4DB8-9B9D-6E9DE3EC850C}"
EndProject
Project("{9A19103F-16F7-4668-BE54-9A1E7A4F7556}") = "DIKUArena", "DIKUArena\DIKUArena.csproj", "{FB7CC1E9-6452-4682-8ABB-0E6A235C6F23}"
EndProject
Global
	GlobalSection(SolutionConfigurationPlatforms) = preSolution
		Debug|Any CPU = Debug|Any CPU
		Release|Any CPU = Release|Any CPU
	EndGlobalSection
	GlobalSection(ProjectConfigurationPlatforms) = postSolution
		{0323B58B-70B5-4DB8-9B9D-6E9DE3EC850C}.Debug|Any CPU.ActiveCfg = Debug|Any CPU
		{0323B58B-70B5-4DB8-9B9D-6E9DE3EC850C}.Debug|Any CPU.Build.0 = Debug|Any CPU
		{0323B58B-70B5-4DB8-9B9D-6E9DE3EC850C}.Release|Any CPU.ActiveCfg = Release|Any CPU
		{0323B58B-70B5-4DB8-9B9D-6E9DE3EC850C}.Release|Any CPU.Build.0 = Release|Any CPU
		{FB7CC1E9-6452-4682-8ABB-0E6A235C6F23}.Debug|Any CPU.ActiveCfg = Debug|Any CPU
		{FB7CC1E9-6452-4682-8ABB-0E6A235C6F23}.Debug|Any CPU.Build.0 = Debug|Any CPU
		{FB7CC1E9-6452-4682-8ABB-0E6A235C6F23}.Release|Any CPU.ActiveCfg = Release|Any CPU
		{FB7CC1E9-6452-4682-8ABB-0E6A235C6F23}.Release|Any CPU.Build.0 = Release|Any CPU
	EndGlobalSection
	GlobalSection(SolutionProperties) = preSolution
		HideSolutionNode = FALSE
	EndGlobalSection
	GlobalSection(ExtensibilityGlobals) = postSolution
		SolutionGuid = {4A08DE8F-25B6-4BA4-8940-1E539A3DCAFD}
	EndGlobalSection
EndGlobal
